<?xml version="1.0" encoding="utf-8"?>
<Project ToolsVersion="4.0" xmlns="http://schemas.microsoft.com/developer/msbuild/2003">
  <ItemGroup>
    <Filter Include="ソース ファイル">
      <UniqueIdentifier>{4FC737F1-C7A5-4376-A066-2A32D752A2FF}</UniqueIdentifier>
      <Extensions>cpp;c;cc;cxx;c++;cppm;ixx;def;odl;idl;hpj;bat;asm;asmx</Extensions>
    </Filter>
    <Filter Include="ヘッダー ファイル">
      <UniqueIdentifier>{93995380-89BD-4b04-88EB-625FBE52EBFB}</UniqueIdentifier>
      <Extensions>h;hh;hpp;hxx;h++;hm;inl;inc;ipp;xsd</Extensions>
    </Filter>
    <Filter Include="リソース ファイル">
      <UniqueIdentifier>{67DA6AB6-F800-4c08-8B7A-83BB121AAD01}</UniqueIdentifier>
      <Extensions>rc;ico;cur;bmp;dlg;rc2;rct;bin;rgs;gif;jpg;jpeg;jpe;resx;tiff;tif;png;wav;mfcribbon-ms</Extensions>
    </Filter>
  </ItemGroup>
  <ItemGroup>
    <ClCompile Include="Engine\main.cxx">
      <Filter>ソース ファイル</Filter>
    </ClCompile>
    <ClCompile Include="Engine\System\Window.cxx">
      <Filter>ソース ファイル</Filter>
    </ClCompile>
    <ClCompile Include="Engine\System\Graphics\GraphicsAPI.cxx">
      <Filter>ソース ファイル</Filter>
    </ClCompile>
    <ClCompile Include="Engine\Debugger.cxx">
      <Filter>ソース ファイル</Filter>
    </ClCompile>
    <ClCompile Include="Engine\Math\Easing.cxx">
      <Filter>ソース ファイル</Filter>
    </ClCompile>
    <ClCompile Include="Engine\Math\Vectors.cxx">
      <Filter>ソース ファイル</Filter>
    </ClCompile>
    <ClCompile Include="Engine\System\Supervision.cxx">
      <Filter>ソース ファイル</Filter>
    </ClCompile>
    <ClCompile Include="Engine\System\Allocator.cxx">
      <Filter>ソース ファイル</Filter>
    </ClCompile>
    <ClCompile Include="Engine\System\Timer.cxx">
      <Filter>ソース ファイル</Filter>
    </ClCompile>
    <ClCompile Include="Engine\System\Graphics\Texture.cxx">
      <Filter>ソース ファイル</Filter>
    </ClCompile>
    <ClCompile Include="Engine\System\Graphics\Device.cxx">
      <Filter>ソース ファイル</Filter>
    </ClCompile>
    <ClCompile Include="Engine\System\Graphics\Shader.cxx">
      <Filter>ソース ファイル</Filter>
    </ClCompile>
    <ClCompile Include="Engine\System\Graphics\SwapChain.cxx">
      <Filter>ソース ファイル</Filter>
    </ClCompile>
    <ClCompile Include="Engine\System\Graphics\CommandQueue.cxx">
      <Filter>ソース ファイル</Filter>
    </ClCompile>
    <ClCompile Include="Engine\System\ThreadPool.cxx">
      <Filter>ソース ファイル</Filter>
    </ClCompile>
    <ClCompile Include="Engine\System\SceneManager.cxx">
      <Filter>ソース ファイル</Filter>
    </ClCompile>
    <ClCompile Include="Object\SceneBase.cxx">
      <Filter>ソース ファイル</Filter>
    </ClCompile>
    <ClCompile Include="Object\Object.cxx">
      <Filter>ソース ファイル</Filter>
    </ClCompile>
    <ClCompile Include="Object\GameObject.cxx">
      <Filter>ソース ファイル</Filter>
    </ClCompile>
    <ClCompile Include="Engine\Math\Transform.cxx">
      <Filter>ソース ファイル</Filter>
    </ClCompile>
    <ClCompile Include="Component\Component.cxx">
      <Filter>ソース ファイル</Filter>
    </ClCompile>
    <ClCompile Include="Object\SceneObject\testScene.cxx">
      <Filter>ソース ファイル</Filter>
    </ClCompile>
    <ClCompile Include="Engine\System\Graphics\Model.cxx">
      <Filter>ソース ファイル</Filter>
    </ClCompile>
    <ClCompile Include="Engine\System\Graphics\MeshBuffer.cxx">
      <Filter>ソース ファイル</Filter>
    </ClCompile>
    <ClCompile Include="Component\ModelRenderer.cxx">
      <Filter>ソース ファイル</Filter>
    </ClCompile>
    <ClCompile Include="Component\CameraBase.cpp">
      <Filter>ソース ファイル</Filter>
    </ClCompile>
    <ClCompile Include="Component\CameraDebug.cpp">
      <Filter>ソース ファイル</Filter>
    </ClCompile>
    <ClCompile Include="Engine\System\CameraManager.cpp">
      <Filter>ソース ファイル</Filter>
    </ClCompile>
    <ClCompile Include="Engine\System\InputDeviceManager.cpp">
      <Filter>ソース ファイル</Filter>
    </ClCompile>
    <ClCompile Include="Component\Collision.cxx">
      <Filter>ソース ファイル</Filter>
    </ClCompile>
    <ClCompile Include="Engine\System\PhysicsWorld.cxx">
      <Filter>ソース ファイル</Filter>
    </ClCompile>
    <ClCompile Include="Object\SceneObject\collisionTestScene.cpp">
      <Filter>ソース ファイル</Filter>
    </ClCompile>
  </ItemGroup>
  <ItemGroup>
    <ClInclude Include="Engine\Defines.hxx">
      <Filter>ソース ファイル</Filter>
    </ClInclude>
    <ClInclude Include="Engine\System\Window.hxx">
      <Filter>ヘッダー ファイル</Filter>
    </ClInclude>
    <ClInclude Include="Engine\System\Graphics\GraphicsAPI.hxx">
      <Filter>ヘッダー ファイル</Filter>
    </ClInclude>
    <ClInclude Include="Engine\Debugger.hxx">
      <Filter>ヘッダー ファイル</Filter>
    </ClInclude>
    <ClInclude Include="Engine\Math\Easing.hxx">
      <Filter>ヘッダー ファイル</Filter>
    </ClInclude>
    <ClInclude Include="Engine\Math\Vectors.hxx">
      <Filter>ヘッダー ファイル</Filter>
    </ClInclude>
    <ClInclude Include="Engine\System\Singleton.hxx">
      <Filter>ヘッダー ファイル</Filter>
    </ClInclude>
    <ClInclude Include="Engine\absuse.hxx">
      <Filter>ヘッダー ファイル</Filter>
    </ClInclude>
    <ClInclude Include="Engine\System\Allocator.hxx">
      <Filter>ヘッダー ファイル</Filter>
    </ClInclude>
    <ClInclude Include="Engine\System\Timer.hxx">
      <Filter>ヘッダー ファイル</Filter>
    </ClInclude>
    <ClInclude Include="Engine\System\Supervision.hxx">
      <Filter>ソース ファイル</Filter>
    </ClInclude>
    <ClInclude Include="Engine\Math\MathDef.hxx">
      <Filter>ヘッダー ファイル</Filter>
    </ClInclude>
    <ClInclude Include="Engine\System\Graphics\Texture.hxx">
      <Filter>ヘッダー ファイル</Filter>
    </ClInclude>
    <ClInclude Include="Engine\System\Graphics\Device.hxx">
      <Filter>ヘッダー ファイル</Filter>
    </ClInclude>
    <ClInclude Include="Engine\System\Graphics\Shader.hxx">
      <Filter>ヘッダー ファイル</Filter>
    </ClInclude>
    <ClInclude Include="Engine\System\Graphics\SwapChain.hxx">
      <Filter>ヘッダー ファイル</Filter>
    </ClInclude>
    <ClInclude Include="Engine\System\Graphics\CommandQueue.hxx">
      <Filter>ヘッダー ファイル</Filter>
    </ClInclude>
    <ClInclude Include="Engine\System\ThreadPool.hxx">
      <Filter>ヘッダー ファイル</Filter>
    </ClInclude>
    <ClInclude Include="Engine\System\SceneManager.hxx">
      <Filter>ヘッダー ファイル</Filter>
    </ClInclude>
    <ClInclude Include="Object\SceneBase.hxx">
      <Filter>ヘッダー ファイル</Filter>
    </ClInclude>
    <ClInclude Include="Object\Object.hxx">
      <Filter>ヘッダー ファイル</Filter>
    </ClInclude>
    <ClInclude Include="Object\GameObject.hxx">
      <Filter>ヘッダー ファイル</Filter>
    </ClInclude>
    <ClInclude Include="Engine\Math\Transform.hxx">
      <Filter>ヘッダー ファイル</Filter>
    </ClInclude>
    <ClInclude Include="Component\Component.hxx">
      <Filter>ヘッダー ファイル</Filter>
    </ClInclude>
    <ClInclude Include="Engine\System\Graphics\GraphicDef.hxx">
      <Filter>ヘッダー ファイル</Filter>
    </ClInclude>
    <ClInclude Include="Object\SceneObject\testScene.hxx">
      <Filter>ヘッダー ファイル</Filter>
    </ClInclude>
    <ClInclude Include="Engine\System\Graphics\Model.hxx">
      <Filter>ヘッダー ファイル</Filter>
    </ClInclude>
    <ClInclude Include="Engine\System\Graphics\MeshBuffer.hxx">
      <Filter>ヘッダー ファイル</Filter>
    </ClInclude>
    <ClInclude Include="Component\ModelRenderer.hxx">
      <Filter>ヘッダー ファイル</Filter>
    </ClInclude>
    <ClInclude Include="Component\CameraBase.h">
      <Filter>ヘッダー ファイル</Filter>
    </ClInclude>
    <ClInclude Include="Component\CameraDebug.h">
      <Filter>ヘッダー ファイル</Filter>
    </ClInclude>
    <ClInclude Include="Engine\System\CameraManager.h">
      <Filter>ヘッダー ファイル</Filter>
    </ClInclude>
    <ClInclude Include="Engine\System\InputDeviceManager.h">
      <Filter>ヘッダー ファイル</Filter>
    </ClInclude>
    <ClInclude Include="Component\Collision.hxx">
      <Filter>ヘッダー ファイル</Filter>
    </ClInclude>
    <ClInclude Include="Engine\System\PhysicsWorld.hxx">
      <Filter>ヘッダー ファイル</Filter>
    </ClInclude>
    <ClInclude Include="Object\SceneObject\collisionTestScene.hxx">
      <Filter>ヘッダー ファイル</Filter>
    </ClInclude>
  </ItemGroup>
  <ItemGroup>
    <None Include="Shader\defines.hlsli" />
    <None Include="ClassDiagram.cd" />
  </ItemGroup>
  <ItemGroup>
    <FxCompile Include="Shader\Pixel\PixelShader.hlsl" />
    <FxCompile Include="Shader\Vertex\VertexShader.hlsl" />
  </ItemGroup>
</Project>